{
  "nodes": {
    "flake-compat": {
      "flake": false,
      "locked": {
        "lastModified": 1746162366,
        "narHash": "sha256-5SSSZ/oQkwfcAz/o/6TlejlVGqeK08wyREBQ5qFFPhM=",
        "owner": "nix-community",
        "repo": "flake-compat",
        "rev": "0f158086a2ecdbb138cd0429410e44994f1b7e4b",
        "type": "github"
      },
      "original": {
        "owner": "nix-community",
        "repo": "flake-compat",
        "type": "github"
      }
    },
    "helix": {
      "inputs": {
        "nixpkgs": "nixpkgs",
        "rust-overlay": "rust-overlay"
      },
      "locked": {
        "lastModified": 1749932067,
        "narHash": "sha256-sSep3SEsh53545RLaM7T1Eg+4frPmPScQKE6zmts9Ic=",
        "owner": "helix-editor",
        "repo": "helix",
        "rev": "205e7ece70c52a7d921ea014e1017c41488e37e5",
        "type": "github"
      },
      "original": {
        "id": "helix",
        "type": "indirect"
      }
    },
    "helix-flake": {
      "inputs": {
        "nixpkgs": [
          "nixos-cosmic",
          "nixpkgs"
        ],
        "rust-overlay": "rust-overlay_2"
      },
      "locked": {
        "lastModified": 1749932067,
        "narHash": "sha256-sSep3SEsh53545RLaM7T1Eg+4frPmPScQKE6zmts9Ic=",
        "owner": "helix-editor",
        "repo": "helix",
        "rev": "205e7ece70c52a7d921ea014e1017c41488e37e5",
        "type": "github"
      },
      "original": {
        "owner": "helix-editor",
        "repo": "helix",
        "type": "github"
      }
    },
    "home-manager": {
      "inputs": {
        "nixpkgs": [
          "nixos-cosmic",
          "nixpkgs"
        ]
      },
      "locked": {
        "lastModified": 1749935160,
        "narHash": "sha256-lTLR7AyrrIS/b4frHKb5pw/gcPM0GgoGCURqeiOX9k8=",
        "owner": "nix-community",
        "repo": "home-manager",
        "rev": "8fabeb9c142a303e02270c3a3a0d8e00af9d0dfe",
        "type": "github"
      },
      "original": {
        "owner": "nix-community",
        "repo": "home-manager",
        "type": "github"
      }
    },
    "nixos-cosmic": {
      "inputs": {
        "flake-compat": "flake-compat",
        "nixpkgs": "nixpkgs_2",
        "nixpkgs-stable": "nixpkgs-stable",
        "rust-overlay": "rust-overlay_3"
      },
      "locked": {
        "lastModified": 1749856624,
        "narHash": "sha256-hO5vjZhVuZ3moZgDTU8ecdpIZIFf1GiKMjXHDsflYws=",
        "owner": "lilyinstarlight",
        "repo": "nixos-cosmic",
        "rev": "edf3595b2a95149e2d426665c5253b47353fbccf",
        "type": "github"
      },
      "original": {
        "owner": "lilyinstarlight",
        "repo": "nixos-cosmic",
        "type": "github"
      }
    },
    "nixos-hardware": {
      "locked": {
        "lastModified": 1749832440,
        "narHash": "sha256-lfxhuxAaHlYFGr8yOrAXZqdMt8PrFLzjVqH9v3lQaoY=",
        "owner": "Nixos",
        "repo": "nixos-hardware",
        "rev": "db030f62a449568345372bd62ed8c5be4824fa49",
        "type": "github"
      },
      "original": {
        "owner": "Nixos",
        "ref": "master",
        "repo": "nixos-hardware",
        "type": "github"
      }
    },
    "nixpkgs": {
      "locked": {
        "lastModified": 1740560979,
        "narHash": "sha256-Vr3Qi346M+8CjedtbyUevIGDZW8LcA1fTG0ugPY/Hic=",
        "owner": "nixos",
        "repo": "nixpkgs",
        "rev": "5135c59491985879812717f4c9fea69604e7f26f",
        "type": "github"
      },
      "original": {
        "owner": "nixos",
        "ref": "nixos-unstable",
        "repo": "nixpkgs",
        "type": "github"
      }
    },
    "nixpkgs-stable": {
      "locked": {
        "lastModified": 1749668643,
        "narHash": "sha256-gaWJEWGBW/g1u6o5IM4Un0vluv86cigLuBnjsKILffc=",
        "owner": "NixOS",
        "repo": "nixpkgs",
        "rev": "1965fd20a39c8e441746bee66d550af78f0c0a7b",
        "type": "github"
      },
      "original": {
        "owner": "NixOS",
        "ref": "nixos-24.11",
        "repo": "nixpkgs",
        "type": "github"
      }
    },
    "nixpkgs_2": {
      "locked": {
        "lastModified": 1749285348,
        "narHash": "sha256-frdhQvPbmDYaScPFiCnfdh3B/Vh81Uuoo0w5TkWmmjU=",
        "owner": "NixOS",
        "repo": "nixpkgs",
        "rev": "3e3afe5174c561dee0df6f2c2b2236990146329f",
        "type": "github"
      },
      "original": {
        "owner": "NixOS",
        "ref": "nixos-unstable",
        "repo": "nixpkgs",
        "type": "github"
      }
    },
    "root": {
      "inputs": {
        "helix": "helix",
        "helix-flake": "helix-flake",
        "home-manager": "home-manager",
        "nixos-cosmic": "nixos-cosmic",
        "nixos-hardware": "nixos-hardware",
        "nixpkgs": [
          "nixos-cosmic",
          "nixpkgs"
        ]
      }
    },
    "rust-overlay": {
      "inputs": {
        "nixpkgs": [
          "helix",
          "nixpkgs"
        ]
      },
      "locked": {
        "lastModified": 1740623427,
        "narHash": "sha256-3SdPQrZoa4odlScFDUHd4CUPQ/R1gtH4Mq9u8CBiK8M=",
        "owner": "oxalica",
        "repo": "rust-overlay",
        "rev": "d342e8b5fd88421ff982f383c853f0fc78a847ab",
        "type": "github"
      },
      "original": {
        "owner": "oxalica",
        "repo": "rust-overlay",
        "type": "github"
      }
    },
    "rust-overlay_2": {
      "inputs": {
        "nixpkgs": [
          "helix-flake",
          "nixpkgs"
        ]
      },
      "locked": {
        "lastModified": 1740623427,
        "narHash": "sha256-3SdPQrZoa4odlScFDUHd4CUPQ/R1gtH4Mq9u8CBiK8M=",
        "owner": "oxalica",
        "repo": "rust-overlay",
        "rev": "d342e8b5fd88421ff982f383c853f0fc78a847ab",
        "type": "github"
      },
      "original": {
        "owner": "oxalica",
        "repo": "rust-overlay",
        "type": "github"
      }
    },
    "rust-overlay_3": {
      "inputs": {
        "nixpkgs": [
          "nixos-cosmic",
          "nixpkgs"
        ]
      },
      "locked": {
        "lastModified": 1749782305,
        "narHash": "sha256-h6jWS89SZyI5ACe/Ac2Yn7Qf+Uhb1yawbtpEqgV1h8E=",
        "owner": "oxalica",
        "repo": "rust-overlay",
        "rev": "dc62b7639a9dcab4ab1246876fd0df8412a4a824",
        "type": "github"
      },
      "original": {
        "owner": "oxalica",
        "repo": "rust-overlay",
        "type": "github"
      }
    }
  },
  "root": "root",
  "version": 7
}
